Microsoft Visual Studio Solution File, Format Version 12.00
# Visual Studio Version 17
VisualStudioVersion = 17.5.2.0
MinimumVisualStudioVersion = 10.0.40219.1
Project("{FAE04EC0-301F-11D3-BF4B-00C04F79EFBC}") = "BlazorQuickGridApp.Shared", "BlazorQuickGridApp.Shared.csproj", "{9083CFA6-193B-08F3-CB82-34F440D07377}"
EndProject
Global
	GlobalSection(SolutionConfigurationPlatforms) = preSolution
		Debug|Any CPU = Debug|Any CPU
		Release|Any CPU = Release|Any CPU
	EndGlobalSection
	GlobalSection(ProjectConfigurationPlatforms) = postSolution
		{9083CFA6-193B-08F3-CB82-34F440D07377}.Debug|Any CPU.ActiveCfg = Debug|Any CPU
		{9083CFA6-193B-08F3-CB82-34F440D07377}.Debug|Any CPU.Build.0 = Debug|Any CPU
		{9083CFA6-193B-08F3-CB82-34F440D07377}.Release|Any CPU.ActiveCfg = Release|Any CPU
		{9083CFA6-193B-08F3-CB82-34F440D07377}.Release|Any CPU.Build.0 = Release|Any CPU
	EndGlobalSection
	GlobalSection(SolutionProperties) = preSolution
		HideSolutionNode = FALSE
	EndGlobalSection
	GlobalSection(ExtensibilityGlobals) = postSolution
		SolutionGuid = {15E6A518-38E8-4A5E-A3FF-52C3B882DEA3}
	EndGlobalSection
EndGlobal
